
Microsoft Visual Studio Solution File, Format Version 12.00
# Visual Studio Version 17
VisualStudioVersion = 17.2.32630.192
MinimumVisualStudioVersion = 10.0.40219.1
Project("{FAE04EC0-301F-11D3-BF4B-00C04F79EFBC}") = "RabbitMQPublisher", "RabbitMQPublisher\RabbitMQPublisher.csproj", "{9D7D7E9F-1B87-4D59-84F1-7934F003EADE}"
EndProject
Project("{FAE04EC0-301F-11D3-BF4B-00C04F79EFBC}") = "RabbitMQConsumer", "RabbitMQConsumer\RabbitMQConsumer.csproj", "{232E09C3-5BBB-440C-A019-F6E2649FBE9A}"
EndProject
Global
	GlobalSection(SolutionConfigurationPlatforms) = preSolution
		Debug|Any CPU = Debug|Any CPU
		Release|Any CPU = Release|Any CPU
	EndGlobalSection
	GlobalSection(ProjectConfigurationPlatforms) = postSolution
		{9D7D7E9F-1B87-4D59-84F1-7934F003EADE}.Debug|Any CPU.ActiveCfg = Debug|Any CPU
		{9D7D7E9F-1B87-4D59-84F1-7934F003EADE}.Debug|Any CPU.Build.0 = Debug|Any CPU
		{9D7D7E9F-1B87-4D59-84F1-7934F003EADE}.Release|Any CPU.ActiveCfg = Release|Any CPU
		{9D7D7E9F-1B87-4D59-84F1-7934F003EADE}.Release|Any CPU.Build.0 = Release|Any CPU
		{232E09C3-5BBB-440C-A019-F6E2649FBE9A}.Debug|Any CPU.ActiveCfg = Debug|Any CPU
		{232E09C3-5BBB-440C-A019-F6E2649FBE9A}.Debug|Any CPU.Build.0 = Debug|Any CPU
		{232E09C3-5BBB-440C-A019-F6E2649FBE9A}.Release|Any CPU.ActiveCfg = Release|Any CPU
		{232E09C3-5BBB-440C-A019-F6E2649FBE9A}.Release|Any CPU.Build.0 = Release|Any CPU
	EndGlobalSection
	GlobalSection(SolutionProperties) = preSolution
		HideSolutionNode = FALSE
	EndGlobalSection
	GlobalSection(ExtensibilityGlobals) = postSolution
		SolutionGuid = {B2316C69-4183-4CCA-9FD8-41FC7629053E}
	EndGlobalSection
EndGlobal
